
Microsoft Visual Studio Solution File, Format Version 12.00
# Visual Studio Version 17
VisualStudioVersion = 17.5.33627.172
MinimumVisualStudioVersion = 10.0.40219.1
Project("{FAE04EC0-301F-11D3-BF4B-00C04F79EFBC}") = "Practice", "Practice\Practice.csproj", "{38632BE4-399B-4F4F-8DDB-706A2AD01C93}"
EndProject
Global
	GlobalSection(SolutionConfigurationPlatforms) = preSolution
		Debug|Any CPU = Debug|Any CPU
		Release|Any CPU = Release|Any CPU
	EndGlobalSection
	GlobalSection(ProjectConfigurationPlatforms) = postSolution
		{38632BE4-399B-4F4F-8DDB-706A2AD01C93}.Debug|Any CPU.ActiveCfg = Debug|Any CPU
		{38632BE4-399B-4F4F-8DDB-706A2AD01C93}.Debug|Any CPU.Build.0 = Debug|Any CPU
		{38632BE4-399B-4F4F-8DDB-706A2AD01C93}.Release|Any CPU.ActiveCfg = Release|Any CPU
		{38632BE4-399B-4F4F-8DDB-706A2AD01C93}.Release|Any CPU.Build.0 = Release|Any CPU
	EndGlobalSection
	GlobalSection(SolutionProperties) = preSolution
		HideSolutionNode = FALSE
	EndGlobalSection
	GlobalSection(ExtensibilityGlobals) = postSolution
		SolutionGuid = {A6BE3DED-3B0E-4499-BA73-7C231F317EC9}
	EndGlobalSection
EndGlobal
